// !$*UTF8*$!
{
	archiveVersion = 1;
	classes = {
	};
	objectVersion = 56;
	objects = {

/* Begin PBXBuildFile section */
		25FAC87B2957370A00168A7C /* AppDelegate.swift in Sources */ = {isa = PBXBuildFile; fileRef = 25FAC87A2957370A00168A7C /* AppDelegate.swift */; };
		25FAC87D2957370A00168A7C /* SceneDelegate.swift in Sources */ = {isa = PBXBuildFile; fileRef = 25FAC87C2957370A00168A7C /* SceneDelegate.swift */; };
		25FAC87F2957370A00168A7C /* ViewController.swift in Sources */ = {isa = PBXBuildFile; fileRef = 25FAC87E2957370A00168A7C /* ViewController.swift */; };
		25FAC8842957370A00168A7C /* Assets.xcassets in Resources */ = {isa = PBXBuildFile; fileRef = 25FAC8832957370A00168A7C /* Assets.xcassets */; };
		25FAC8872957370A00168A7C /* LaunchScreen.storyboard in Resources */ = {isa = PBXBuildFile; fileRef = 25FAC8852957370A00168A7C /* LaunchScreen.storyboard */; };
		25FAC89729573D6E00168A7C /* BaseCoordinator.swift in Sources */ = {isa = PBXBuildFile; fileRef = 25FAC89629573D6E00168A7C /* BaseCoordinator.swift */; };
		25FAC89929573D7600168A7C /* AppCoordinator.swift in Sources */ = {isa = PBXBuildFile; fileRef = 25FAC89829573D7600168A7C /* AppCoordinator.swift */; };
		25FAC89C29573DEA00168A7C /* AutoLayoutDSL.swift in Sources */ = {isa = PBXBuildFile; fileRef = 25FAC89B29573DEA00168A7C /* AutoLayoutDSL.swift */; };
		25FAC89F29573E3600168A7C /* Constants.swift in Sources */ = {isa = PBXBuildFile; fileRef = 25FAC89E29573E3600168A7C /* Constants.swift */; };
		25FAC8A129573E8C00168A7C /* ImageLoader.swift in Sources */ = {isa = PBXBuildFile; fileRef = 25FAC8A029573E8C00168A7C /* ImageLoader.swift */; };
		25FAC8A329573E9F00168A7C /* ImageCache.swift in Sources */ = {isa = PBXBuildFile; fileRef = 25FAC8A229573E9F00168A7C /* ImageCache.swift */; };
		25FAC8A729573F1000168A7C /* HTTPClient.swift in Sources */ = {isa = PBXBuildFile; fileRef = 25FAC8A629573F1000168A7C /* HTTPClient.swift */; };
		25FAC8A929573F1A00168A7C /* HTTPError.swift in Sources */ = {isa = PBXBuildFile; fileRef = 25FAC8A829573F1A00168A7C /* HTTPError.swift */; };
		25FAC8AB29573F3600168A7C /* Endpoint.swift in Sources */ = {isa = PBXBuildFile; fileRef = 25FAC8AA29573F3600168A7C /* Endpoint.swift */; };
		25FAC8AD2957404400168A7C /* AppConfig.xcconfig in Resources */ = {isa = PBXBuildFile; fileRef = 25FAC8AC2957404400168A7C /* AppConfig.xcconfig */; };
		25FAC8B02957417100168A7C /* HeroesCoordinator.swift in Sources */ = {isa = PBXBuildFile; fileRef = 25FAC8AF2957417100168A7C /* HeroesCoordinator.swift */; };
		25FAC8B2295741A200168A7C /* HeroesViewModel.swift in Sources */ = {isa = PBXBuildFile; fileRef = 25FAC8B1295741A200168A7C /* HeroesViewModel.swift */; };
		25FAC8B4295741D000168A7C /* HeroesViewController.swift in Sources */ = {isa = PBXBuildFile; fileRef = 25FAC8B3295741D000168A7C /* HeroesViewController.swift */; };
		25FAC8B829574CEE00168A7C /* AsyncImageView.swift in Sources */ = {isa = PBXBuildFile; fileRef = 25FAC8B729574CEE00168A7C /* AsyncImageView.swift */; };
		25FAC8BA295763E500168A7C /* Hero.swift in Sources */ = {isa = PBXBuildFile; fileRef = 25FAC8B9295763E500168A7C /* Hero.swift */; };
		25FAC8BC2957685700168A7C /* Image.swift in Sources */ = {isa = PBXBuildFile; fileRef = 25FAC8BB2957685700168A7C /* Image.swift */; };
		25FAC8BE2957687400168A7C /* Comics.swift in Sources */ = {isa = PBXBuildFile; fileRef = 25FAC8BD2957687400168A7C /* Comics.swift */; };
		25FAC8C02957688300168A7C /* Event.swift in Sources */ = {isa = PBXBuildFile; fileRef = 25FAC8BF2957688300168A7C /* Event.swift */; };
		25FAC8C22957688E00168A7C /* Story.swift in Sources */ = {isa = PBXBuildFile; fileRef = 25FAC8C12957688E00168A7C /* Story.swift */; };
		25FAC8C42957689B00168A7C /* Series.swift in Sources */ = {isa = PBXBuildFile; fileRef = 25FAC8C32957689B00168A7C /* Series.swift */; };
		25FAC8C7295787F600168A7C /* APIEndpoint.swift in Sources */ = {isa = PBXBuildFile; fileRef = 25FAC8C6295787F600168A7C /* APIEndpoint.swift */; };
		25FAC8C9295787FE00168A7C /* APIService.swift in Sources */ = {isa = PBXBuildFile; fileRef = 25FAC8C8295787FE00168A7C /* APIService.swift */; };
		25FAC8CF29578D0E00168A7C /* HeroCell.swift in Sources */ = {isa = PBXBuildFile; fileRef = 25FAC8CE29578D0E00168A7C /* HeroCell.swift */; };
		25FAC8D129578FB700168A7C /* String+Extensions.swift in Sources */ = {isa = PBXBuildFile; fileRef = 25FAC8D029578FB700168A7C /* String+Extensions.swift */; };
		25FAC8D3295837F400168A7C /* Array+Extensions.swift in Sources */ = {isa = PBXBuildFile; fileRef = 25FAC8D2295837F400168A7C /* Array+Extensions.swift */; };
		25FAC8D5295839B900168A7C /* HeroesUIModel.swift in Sources */ = {isa = PBXBuildFile; fileRef = 25FAC8D4295839B900168A7C /* HeroesUIModel.swift */; };
		25FAC8D729585BEA00168A7C /* UIView+Extensions.swift in Sources */ = {isa = PBXBuildFile; fileRef = 25FAC8D629585BEA00168A7C /* UIView+Extensions.swift */; };
		25FAC8DC2958633D00168A7C /* BentonSansExtraComp-Black.otf in Resources */ = {isa = PBXBuildFile; fileRef = 25FAC8DA2958633D00168A7C /* BentonSansExtraComp-Black.otf */; };
/* End PBXBuildFile section */

/* Begin PBXFileReference section */
		25FAC8772957370A00168A7C /* MarvelTavern.app */ = {isa = PBXFileReference; explicitFileType = wrapper.application; includeInIndex = 0; path = MarvelTavern.app; sourceTree = BUILT_PRODUCTS_DIR; };
		25FAC87A2957370A00168A7C /* AppDelegate.swift */ = {isa = PBXFileReference; lastKnownFileType = sourcecode.swift; path = AppDelegate.swift; sourceTree = "<group>"; };
		25FAC87C2957370A00168A7C /* SceneDelegate.swift */ = {isa = PBXFileReference; lastKnownFileType = sourcecode.swift; path = SceneDelegate.swift; sourceTree = "<group>"; };
		25FAC87E2957370A00168A7C /* ViewController.swift */ = {isa = PBXFileReference; lastKnownFileType = sourcecode.swift; path = ViewController.swift; sourceTree = "<group>"; };
		25FAC8832957370A00168A7C /* Assets.xcassets */ = {isa = PBXFileReference; lastKnownFileType = folder.assetcatalog; path = Assets.xcassets; sourceTree = "<group>"; };
		25FAC8862957370A00168A7C /* Base */ = {isa = PBXFileReference; lastKnownFileType = file.storyboard; name = Base; path = Base.lproj/LaunchScreen.storyboard; sourceTree = "<group>"; };
		25FAC8882957370A00168A7C /* Info.plist */ = {isa = PBXFileReference; lastKnownFileType = text.plist.xml; path = Info.plist; sourceTree = "<group>"; };
		25FAC89629573D6E00168A7C /* BaseCoordinator.swift */ = {isa = PBXFileReference; lastKnownFileType = sourcecode.swift; path = BaseCoordinator.swift; sourceTree = "<group>"; };
		25FAC89829573D7600168A7C /* AppCoordinator.swift */ = {isa = PBXFileReference; lastKnownFileType = sourcecode.swift; path = AppCoordinator.swift; sourceTree = "<group>"; };
		25FAC89B29573DEA00168A7C /* AutoLayoutDSL.swift */ = {isa = PBXFileReference; lastKnownFileType = sourcecode.swift; path = AutoLayoutDSL.swift; sourceTree = "<group>"; };
		25FAC89E29573E3600168A7C /* Constants.swift */ = {isa = PBXFileReference; lastKnownFileType = sourcecode.swift; path = Constants.swift; sourceTree = "<group>"; };
		25FAC8A029573E8C00168A7C /* ImageLoader.swift */ = {isa = PBXFileReference; lastKnownFileType = sourcecode.swift; path = ImageLoader.swift; sourceTree = "<group>"; };
		25FAC8A229573E9F00168A7C /* ImageCache.swift */ = {isa = PBXFileReference; lastKnownFileType = sourcecode.swift; path = ImageCache.swift; sourceTree = "<group>"; };
		25FAC8A629573F1000168A7C /* HTTPClient.swift */ = {isa = PBXFileReference; lastKnownFileType = sourcecode.swift; path = HTTPClient.swift; sourceTree = "<group>"; };
		25FAC8A829573F1A00168A7C /* HTTPError.swift */ = {isa = PBXFileReference; lastKnownFileType = sourcecode.swift; path = HTTPError.swift; sourceTree = "<group>"; };
		25FAC8AA29573F3600168A7C /* Endpoint.swift */ = {isa = PBXFileReference; lastKnownFileType = sourcecode.swift; path = Endpoint.swift; sourceTree = "<group>"; };
		25FAC8AC2957404400168A7C /* AppConfig.xcconfig */ = {isa = PBXFileReference; lastKnownFileType = text.xcconfig; path = AppConfig.xcconfig; sourceTree = "<group>"; };
		25FAC8AF2957417100168A7C /* HeroesCoordinator.swift */ = {isa = PBXFileReference; lastKnownFileType = sourcecode.swift; path = HeroesCoordinator.swift; sourceTree = "<group>"; };
		25FAC8B1295741A200168A7C /* HeroesViewModel.swift */ = {isa = PBXFileReference; lastKnownFileType = sourcecode.swift; path = HeroesViewModel.swift; sourceTree = "<group>"; };
		25FAC8B3295741D000168A7C /* HeroesViewController.swift */ = {isa = PBXFileReference; lastKnownFileType = sourcecode.swift; path = HeroesViewController.swift; sourceTree = "<group>"; };
		25FAC8B729574CEE00168A7C /* AsyncImageView.swift */ = {isa = PBXFileReference; lastKnownFileType = sourcecode.swift; path = AsyncImageView.swift; sourceTree = "<group>"; };
		25FAC8B9295763E500168A7C /* Hero.swift */ = {isa = PBXFileReference; lastKnownFileType = sourcecode.swift; path = Hero.swift; sourceTree = "<group>"; };
		25FAC8BB2957685700168A7C /* Image.swift */ = {isa = PBXFileReference; lastKnownFileType = sourcecode.swift; path = Image.swift; sourceTree = "<group>"; };
		25FAC8BD2957687400168A7C /* Comics.swift */ = {isa = PBXFileReference; lastKnownFileType = sourcecode.swift; path = Comics.swift; sourceTree = "<group>"; };
		25FAC8BF2957688300168A7C /* Event.swift */ = {isa = PBXFileReference; lastKnownFileType = sourcecode.swift; path = Event.swift; sourceTree = "<group>"; };
		25FAC8C12957688E00168A7C /* Story.swift */ = {isa = PBXFileReference; lastKnownFileType = sourcecode.swift; path = Story.swift; sourceTree = "<group>"; };
		25FAC8C32957689B00168A7C /* Series.swift */ = {isa = PBXFileReference; lastKnownFileType = sourcecode.swift; path = Series.swift; sourceTree = "<group>"; };
		25FAC8C6295787F600168A7C /* APIEndpoint.swift */ = {isa = PBXFileReference; lastKnownFileType = sourcecode.swift; path = APIEndpoint.swift; sourceTree = "<group>"; };
		25FAC8C8295787FE00168A7C /* APIService.swift */ = {isa = PBXFileReference; lastKnownFileType = sourcecode.swift; path = APIService.swift; sourceTree = "<group>"; };
		25FAC8CE29578D0E00168A7C /* HeroCell.swift */ = {isa = PBXFileReference; lastKnownFileType = sourcecode.swift; path = HeroCell.swift; sourceTree = "<group>"; };
		25FAC8D029578FB700168A7C /* String+Extensions.swift */ = {isa = PBXFileReference; lastKnownFileType = sourcecode.swift; path = "String+Extensions.swift"; sourceTree = "<group>"; };
		25FAC8D2295837F400168A7C /* Array+Extensions.swift */ = {isa = PBXFileReference; lastKnownFileType = sourcecode.swift; path = "Array+Extensions.swift"; sourceTree = "<group>"; };
		25FAC8D4295839B900168A7C /* HeroesUIModel.swift */ = {isa = PBXFileReference; lastKnownFileType = sourcecode.swift; path = HeroesUIModel.swift; sourceTree = "<group>"; };
		25FAC8D629585BEA00168A7C /* UIView+Extensions.swift */ = {isa = PBXFileReference; lastKnownFileType = sourcecode.swift; path = "UIView+Extensions.swift"; sourceTree = "<group>"; };
		25FAC8DA2958633D00168A7C /* BentonSansExtraComp-Black.otf */ = {isa = PBXFileReference; lastKnownFileType = file; path = "BentonSansExtraComp-Black.otf"; sourceTree = "<group>"; };
/* End PBXFileReference section */

/* Begin PBXFrameworksBuildPhase section */
		25FAC8742957370A00168A7C /* Frameworks */ = {
			isa = PBXFrameworksBuildPhase;
			buildActionMask = 2147483647;
			files = (
			);
			runOnlyForDeploymentPostprocessing = 0;
		};
/* End PBXFrameworksBuildPhase section */

/* Begin PBXGroup section */
		25FAC86E2957370A00168A7C = {
			isa = PBXGroup;
			children = (
				25FAC8792957370A00168A7C /* MarvelTavern */,
				25FAC8782957370A00168A7C /* Products */,
			);
			sourceTree = "<group>";
		};
		25FAC8782957370A00168A7C /* Products */ = {
			isa = PBXGroup;
			children = (
				25FAC8772957370A00168A7C /* MarvelTavern.app */,
			);
			name = Products;
			sourceTree = "<group>";
		};
		25FAC8792957370A00168A7C /* MarvelTavern */ = {
			isa = PBXGroup;
			children = (
				25FAC88E29573BEA00168A7C /* Supporting Files */,
				25FAC89029573CC200168A7C /* Extensions */,
				25FAC8B529574CBE00168A7C /* CommonUI */,
				25FAC89129573CF300168A7C /* Modules */,
				25FAC89229573CFA00168A7C /* Utils */,
				25FAC89329573D0100168A7C /* Models */,
				25FAC89429573D0800168A7C /* Services */,
				25FAC88F29573BF600168A7C /* Resources */,
			);
			path = MarvelTavern;
			sourceTree = "<group>";
		};
		25FAC88E29573BEA00168A7C /* Supporting Files */ = {
			isa = PBXGroup;
			children = (
				25FAC87A2957370A00168A7C /* AppDelegate.swift */,
				25FAC87C2957370A00168A7C /* SceneDelegate.swift */,
				25FAC87E2957370A00168A7C /* ViewController.swift */,
				25FAC8852957370A00168A7C /* LaunchScreen.storyboard */,
				25FAC8882957370A00168A7C /* Info.plist */,
				25FAC8AC2957404400168A7C /* AppConfig.xcconfig */,
			);
			path = "Supporting Files";
			sourceTree = "<group>";
		};
		25FAC88F29573BF600168A7C /* Resources */ = {
			isa = PBXGroup;
			children = (
				25FAC8D82958633D00168A7C /* marvel-font */,
				25FAC8832957370A00168A7C /* Assets.xcassets */,
			);
			path = Resources;
			sourceTree = "<group>";
		};
		25FAC89029573CC200168A7C /* Extensions */ = {
			isa = PBXGroup;
			children = (
				25FAC8D029578FB700168A7C /* String+Extensions.swift */,
				25FAC8D2295837F400168A7C /* Array+Extensions.swift */,
				25FAC8D629585BEA00168A7C /* UIView+Extensions.swift */,
			);
			path = Extensions;
			sourceTree = "<group>";
		};
		25FAC89129573CF300168A7C /* Modules */ = {
			isa = PBXGroup;
			children = (
				25FAC8AE2957413D00168A7C /* Main */,
			);
			path = Modules;
			sourceTree = "<group>";
		};
		25FAC89229573CFA00168A7C /* Utils */ = {
			isa = PBXGroup;
			children = (
				25FAC89529573D5C00168A7C /* Coordinator */,
				25FAC89A29573DC500168A7C /* AutoLayoutDSL */,
				25FAC89D29573E1F00168A7C /* Constants */,
			);
			path = Utils;
			sourceTree = "<group>";
		};
		25FAC89329573D0100168A7C /* Models */ = {
			isa = PBXGroup;
			children = (
				25FAC8B9295763E500168A7C /* Hero.swift */,
				25FAC8BB2957685700168A7C /* Image.swift */,
				25FAC8BD2957687400168A7C /* Comics.swift */,
				25FAC8BF2957688300168A7C /* Event.swift */,
				25FAC8C12957688E00168A7C /* Story.swift */,
				25FAC8C32957689B00168A7C /* Series.swift */,
			);
			path = Models;
			sourceTree = "<group>";
		};
		25FAC89429573D0800168A7C /* Services */ = {
			isa = PBXGroup;
			children = (
				25FAC8C5295787D700168A7C /* API Service */,
				25FAC8A529573EE200168A7C /* HTTP Service */,
				25FAC8A429573ECB00168A7C /* Image Loader */,
			);
			path = Services;
			sourceTree = "<group>";
		};
		25FAC89529573D5C00168A7C /* Coordinator */ = {
			isa = PBXGroup;
			children = (
				25FAC89629573D6E00168A7C /* BaseCoordinator.swift */,
				25FAC89829573D7600168A7C /* AppCoordinator.swift */,
			);
			path = Coordinator;
			sourceTree = "<group>";
		};
		25FAC89A29573DC500168A7C /* AutoLayoutDSL */ = {
			isa = PBXGroup;
			children = (
				25FAC89B29573DEA00168A7C /* AutoLayoutDSL.swift */,
			);
			path = AutoLayoutDSL;
			sourceTree = "<group>";
		};
		25FAC89D29573E1F00168A7C /* Constants */ = {
			isa = PBXGroup;
			children = (
				25FAC89E29573E3600168A7C /* Constants.swift */,
			);
			path = Constants;
			sourceTree = "<group>";
		};
		25FAC8A429573ECB00168A7C /* Image Loader */ = {
			isa = PBXGroup;
			children = (
				25FAC8A029573E8C00168A7C /* ImageLoader.swift */,
				25FAC8A229573E9F00168A7C /* ImageCache.swift */,
			);
			path = "Image Loader";
			sourceTree = "<group>";
		};
		25FAC8A529573EE200168A7C /* HTTP Service */ = {
			isa = PBXGroup;
			children = (
				25FAC8A629573F1000168A7C /* HTTPClient.swift */,
				25FAC8A829573F1A00168A7C /* HTTPError.swift */,
				25FAC8AA29573F3600168A7C /* Endpoint.swift */,
			);
			path = "HTTP Service";
			sourceTree = "<group>";
		};
		25FAC8AE2957413D00168A7C /* Main */ = {
			isa = PBXGroup;
			children = (
				25FAC8CB29578A7300168A7C /* Cell */,
				25FAC8AF2957417100168A7C /* HeroesCoordinator.swift */,
				25FAC8B1295741A200168A7C /* HeroesViewModel.swift */,
				25FAC8B3295741D000168A7C /* HeroesViewController.swift */,
				25FAC8D4295839B900168A7C /* HeroesUIModel.swift */,
			);
			path = Main;
			sourceTree = "<group>";
		};
		25FAC8B529574CBE00168A7C /* CommonUI */ = {
			isa = PBXGroup;
			children = (
				25FAC8B629574CD500168A7C /* AsyncImageView */,
			);
			path = CommonUI;
			sourceTree = "<group>";
		};
		25FAC8B629574CD500168A7C /* AsyncImageView */ = {
			isa = PBXGroup;
			children = (
				25FAC8B729574CEE00168A7C /* AsyncImageView.swift */,
			);
			path = AsyncImageView;
			sourceTree = "<group>";
		};
		25FAC8C5295787D700168A7C /* API Service */ = {
			isa = PBXGroup;
			children = (
				25FAC8C8295787FE00168A7C /* APIService.swift */,
				25FAC8C6295787F600168A7C /* APIEndpoint.swift */,
			);
			path = "API Service";
			sourceTree = "<group>";
		};
		25FAC8CB29578A7300168A7C /* Cell */ = {
			isa = PBXGroup;
			children = (
				25FAC8CE29578D0E00168A7C /* HeroCell.swift */,
			);
			path = Cell;
			sourceTree = "<group>";
		};
		25FAC8D82958633D00168A7C /* marvel-font */ = {
			isa = PBXGroup;
			children = (
				25FAC8DA2958633D00168A7C /* BentonSansExtraComp-Black.otf */,
			);
			path = "marvel-font";
			sourceTree = "<group>";
		};
/* End PBXGroup section */

/* Begin PBXNativeTarget section */
		25FAC8762957370A00168A7C /* MarvelTavern */ = {
			isa = PBXNativeTarget;
			buildConfigurationList = 25FAC88B2957370A00168A7C /* Build configuration list for PBXNativeTarget "MarvelTavern" */;
			buildPhases = (
				25FAC8732957370A00168A7C /* Sources */,
				25FAC8742957370A00168A7C /* Frameworks */,
				25FAC8752957370A00168A7C /* Resources */,
			);
			buildRules = (
			);
			dependencies = (
			);
			name = MarvelTavern;
			productName = MarvelTavern;
			productReference = 25FAC8772957370A00168A7C /* MarvelTavern.app */;
			productType = "com.apple.product-type.application";
		};
/* End PBXNativeTarget section */

/* Begin PBXProject section */
		25FAC86F2957370A00168A7C /* Project object */ = {
			isa = PBXProject;
			attributes = {
				BuildIndependentTargetsInParallel = 1;
				LastSwiftUpdateCheck = 1420;
				LastUpgradeCheck = 1420;
				TargetAttributes = {
					25FAC8762957370A00168A7C = {
						CreatedOnToolsVersion = 14.2;
					};
				};
			};
			buildConfigurationList = 25FAC8722957370A00168A7C /* Build configuration list for PBXProject "MarvelTavern" */;
			compatibilityVersion = "Xcode 14.0";
			developmentRegion = en;
			hasScannedForEncodings = 0;
			knownRegions = (
				en,
				Base,
			);
			mainGroup = 25FAC86E2957370A00168A7C;
			productRefGroup = 25FAC8782957370A00168A7C /* Products */;
			projectDirPath = "";
			projectRoot = "";
			targets = (
				25FAC8762957370A00168A7C /* MarvelTavern */,
			);
		};
/* End PBXProject section */

/* Begin PBXResourcesBuildPhase section */
		25FAC8752957370A00168A7C /* Resources */ = {
			isa = PBXResourcesBuildPhase;
			buildActionMask = 2147483647;
			files = (
				25FAC8872957370A00168A7C /* LaunchScreen.storyboard in Resources */,
				25FAC8AD2957404400168A7C /* AppConfig.xcconfig in Resources */,
				25FAC8842957370A00168A7C /* Assets.xcassets in Resources */,
				25FAC8DC2958633D00168A7C /* BentonSansExtraComp-Black.otf in Resources */,
			);
			runOnlyForDeploymentPostprocessing = 0;
		};
/* End PBXResourcesBuildPhase section */

/* Begin PBXSourcesBuildPhase section */
		25FAC8732957370A00168A7C /* Sources */ = {
			isa = PBXSourcesBuildPhase;
			buildActionMask = 2147483647;
			files = (
				25FAC8BA295763E500168A7C /* Hero.swift in Sources */,
				25FAC8CF29578D0E00168A7C /* HeroCell.swift in Sources */,
				25FAC8D3295837F400168A7C /* Array+Extensions.swift in Sources */,
				25FAC8D5295839B900168A7C /* HeroesUIModel.swift in Sources */,
				25FAC8BE2957687400168A7C /* Comics.swift in Sources */,
				25FAC8C7295787F600168A7C /* APIEndpoint.swift in Sources */,
				25FAC8BC2957685700168A7C /* Image.swift in Sources */,
				25FAC87F2957370A00168A7C /* ViewController.swift in Sources */,
				25FAC87B2957370A00168A7C /* AppDelegate.swift in Sources */,
				25FAC8C02957688300168A7C /* Event.swift in Sources */,
				25FAC89C29573DEA00168A7C /* AutoLayoutDSL.swift in Sources */,
				25FAC8D729585BEA00168A7C /* UIView+Extensions.swift in Sources */,
				25FAC8A929573F1A00168A7C /* HTTPError.swift in Sources */,
				25FAC8A329573E9F00168A7C /* ImageCache.swift in Sources */,
				25FAC89929573D7600168A7C /* AppCoordinator.swift in Sources */,
				25FAC8D129578FB700168A7C /* String+Extensions.swift in Sources */,
				25FAC89F29573E3600168A7C /* Constants.swift in Sources */,
				25FAC8B2295741A200168A7C /* HeroesViewModel.swift in Sources */,
				25FAC8C22957688E00168A7C /* Story.swift in Sources */,
				25FAC8A729573F1000168A7C /* HTTPClient.swift in Sources */,
				25FAC8B4295741D000168A7C /* HeroesViewController.swift in Sources */,
				25FAC87D2957370A00168A7C /* SceneDelegate.swift in Sources */,
				25FAC8B829574CEE00168A7C /* AsyncImageView.swift in Sources */,
				25FAC8C42957689B00168A7C /* Series.swift in Sources */,
				25FAC8A129573E8C00168A7C /* ImageLoader.swift in Sources */,
				25FAC8B02957417100168A7C /* HeroesCoordinator.swift in Sources */,
				25FAC8AB29573F3600168A7C /* Endpoint.swift in Sources */,
				25FAC8C9295787FE00168A7C /* APIService.swift in Sources */,
				25FAC89729573D6E00168A7C /* BaseCoordinator.swift in Sources */,
			);
			runOnlyForDeploymentPostprocessing = 0;
		};
/* End PBXSourcesBuildPhase section */

/* Begin PBXVariantGroup section */
		25FAC8852957370A00168A7C /* LaunchScreen.storyboard */ = {
			isa = PBXVariantGroup;
			children = (
				25FAC8862957370A00168A7C /* Base */,
			);
			name = LaunchScreen.storyboard;
			sourceTree = "<group>";
		};
/* End PBXVariantGroup section */

/* Begin XCBuildConfiguration section */
		25FAC8892957370A00168A7C /* Debug */ = {
			isa = XCBuildConfiguration;
			baseConfigurationReference = 25FAC8AC2957404400168A7C /* AppConfig.xcconfig */;
			buildSettings = {
				ALWAYS_SEARCH_USER_PATHS = NO;
				CLANG_ANALYZER_NONNULL = YES;
				CLANG_ANALYZER_NUMBER_OBJECT_CONVERSION = YES_AGGRESSIVE;
				CLANG_CXX_LANGUAGE_STANDARD = "gnu++20";
				CLANG_ENABLE_MODULES = YES;
				CLANG_ENABLE_OBJC_ARC = YES;
				CLANG_ENABLE_OBJC_WEAK = YES;
				CLANG_WARN_BLOCK_CAPTURE_AUTORELEASING = YES;
				CLANG_WARN_BOOL_CONVERSION = YES;
				CLANG_WARN_COMMA = YES;
				CLANG_WARN_CONSTANT_CONVERSION = YES;
				CLANG_WARN_DEPRECATED_OBJC_IMPLEMENTATIONS = YES;
				CLANG_WARN_DIRECT_OBJC_ISA_USAGE = YES_ERROR;
				CLANG_WARN_DOCUMENTATION_COMMENTS = YES;
				CLANG_WARN_EMPTY_BODY = YES;
				CLANG_WARN_ENUM_CONVERSION = YES;
				CLANG_WARN_INFINITE_RECURSION = YES;
				CLANG_WARN_INT_CONVERSION = YES;
				CLANG_WARN_NON_LITERAL_NULL_CONVERSION = YES;
				CLANG_WARN_OBJC_IMPLICIT_RETAIN_SELF = YES;
				CLANG_WARN_OBJC_LITERAL_CONVERSION = YES;
				CLANG_WARN_OBJC_ROOT_CLASS = YES_ERROR;
				CLANG_WARN_QUOTED_INCLUDE_IN_FRAMEWORK_HEADER = YES;
				CLANG_WARN_RANGE_LOOP_ANALYSIS = YES;
				CLANG_WARN_STRICT_PROTOTYPES = YES;
				CLANG_WARN_SUSPICIOUS_MOVE = YES;
				CLANG_WARN_UNGUARDED_AVAILABILITY = YES_AGGRESSIVE;
				CLANG_WARN_UNREACHABLE_CODE = YES;
				CLANG_WARN__DUPLICATE_METHOD_MATCH = YES;
				COPY_PHASE_STRIP = NO;
				DEBUG_INFORMATION_FORMAT = dwarf;
				ENABLE_STRICT_OBJC_MSGSEND = YES;
				ENABLE_TESTABILITY = YES;
				GCC_C_LANGUAGE_STANDARD = gnu11;
				GCC_DYNAMIC_NO_PIC = NO;
				GCC_NO_COMMON_BLOCKS = YES;
				GCC_OPTIMIZATION_LEVEL = 0;
				GCC_PREPROCESSOR_DEFINITIONS = (
					"DEBUG=1",
					"$(inherited)",
				);
				GCC_WARN_64_TO_32_BIT_CONVERSION = YES;
				GCC_WARN_ABOUT_RETURN_TYPE = YES_ERROR;
				GCC_WARN_UNDECLARED_SELECTOR = YES;
				GCC_WARN_UNINITIALIZED_AUTOS = YES_AGGRESSIVE;
				GCC_WARN_UNUSED_FUNCTION = YES;
				GCC_WARN_UNUSED_VARIABLE = YES;
				IPHONEOS_DEPLOYMENT_TARGET = 16.2;
				MTL_ENABLE_DEBUG_INFO = INCLUDE_SOURCE;
				MTL_FAST_MATH = YES;
				ONLY_ACTIVE_ARCH = YES;
				SDKROOT = iphoneos;
				SWIFT_ACTIVE_COMPILATION_CONDITIONS = DEBUG;
				SWIFT_OPTIMIZATION_LEVEL = "-Onone";
			};
			name = Debug;
		};
		25FAC88A2957370A00168A7C /* Release */ = {
			isa = XCBuildConfiguration;
			baseConfigurationReference = 25FAC8AC2957404400168A7C /* AppConfig.xcconfig */;
			buildSettings = {
				ALWAYS_SEARCH_USER_PATHS = NO;
				CLANG_ANALYZER_NONNULL = YES;
				CLANG_ANALYZER_NUMBER_OBJECT_CONVERSION = YES_AGGRESSIVE;
				CLANG_CXX_LANGUAGE_STANDARD = "gnu++20";
				CLANG_ENABLE_MODULES = YES;
				CLANG_ENABLE_OBJC_ARC = YES;
				CLANG_ENABLE_OBJC_WEAK = YES;
				CLANG_WARN_BLOCK_CAPTURE_AUTORELEASING = YES;
				CLANG_WARN_BOOL_CONVERSION = YES;
				CLANG_WARN_COMMA = YES;
				CLANG_WARN_CONSTANT_CONVERSION = YES;
				CLANG_WARN_DEPRECATED_OBJC_IMPLEMENTATIONS = YES;
				CLANG_WARN_DIRECT_OBJC_ISA_USAGE = YES_ERROR;
				CLANG_WARN_DOCUMENTATION_COMMENTS = YES;
				CLANG_WARN_EMPTY_BODY = YES;
				CLANG_WARN_ENUM_CONVERSION = YES;
				CLANG_WARN_INFINITE_RECURSION = YES;
				CLANG_WARN_INT_CONVERSION = YES;
				CLANG_WARN_NON_LITERAL_NULL_CONVERSION = YES;
				CLANG_WARN_OBJC_IMPLICIT_RETAIN_SELF = YES;
				CLANG_WARN_OBJC_LITERAL_CONVERSION = YES;
				CLANG_WARN_OBJC_ROOT_CLASS = YES_ERROR;
				CLANG_WARN_QUOTED_INCLUDE_IN_FRAMEWORK_HEADER = YES;
				CLANG_WARN_RANGE_LOOP_ANALYSIS = YES;
				CLANG_WARN_STRICT_PROTOTYPES = YES;
				CLANG_WARN_SUSPICIOUS_MOVE = YES;
				CLANG_WARN_UNGUARDED_AVAILABILITY = YES_AGGRESSIVE;
				CLANG_WARN_UNREACHABLE_CODE = YES;
				CLANG_WARN__DUPLICATE_METHOD_MATCH = YES;
				COPY_PHASE_STRIP = NO;
				DEBUG_INFORMATION_FORMAT = "dwarf-with-dsym";
				ENABLE_NS_ASSERTIONS = NO;
				ENABLE_STRICT_OBJC_MSGSEND = YES;
				GCC_C_LANGUAGE_STANDARD = gnu11;
				GCC_NO_COMMON_BLOCKS = YES;
				GCC_WARN_64_TO_32_BIT_CONVERSION = YES;
				GCC_WARN_ABOUT_RETURN_TYPE = YES_ERROR;
				GCC_WARN_UNDECLARED_SELECTOR = YES;
				GCC_WARN_UNINITIALIZED_AUTOS = YES_AGGRESSIVE;
				GCC_WARN_UNUSED_FUNCTION = YES;
				GCC_WARN_UNUSED_VARIABLE = YES;
				IPHONEOS_DEPLOYMENT_TARGET = 16.2;
				MTL_ENABLE_DEBUG_INFO = NO;
				MTL_FAST_MATH = YES;
				SDKROOT = iphoneos;
				SWIFT_COMPILATION_MODE = wholemodule;
				SWIFT_OPTIMIZATION_LEVEL = "-O";
				VALIDATE_PRODUCT = YES;
			};
			name = Release;
		};
		25FAC88C2957370A00168A7C /* Debug */ = {
			isa = XCBuildConfiguration;
			buildSettings = {
				ASSETCATALOG_COMPILER_APPICON_NAME = AppIcon;
				ASSETCATALOG_COMPILER_GLOBAL_ACCENT_COLOR_NAME = AccentColor;
				CODE_SIGN_STYLE = Automatic;
				CURRENT_PROJECT_VERSION = 1;
				DEVELOPMENT_TEAM = L7KZPDRX49;
				GENERATE_INFOPLIST_FILE = YES;
				INFOPLIST_FILE = "MarvelTavern/Supporting Files/Info.plist";
				INFOPLIST_KEY_UIApplicationSupportsIndirectInputEvents = YES;
				INFOPLIST_KEY_UILaunchStoryboardName = LaunchScreen;
				INFOPLIST_KEY_UISupportedInterfaceOrientations_iPad = "UIInterfaceOrientationPortrait UIInterfaceOrientationPortraitUpsideDown UIInterfaceOrientationLandscapeLeft UIInterfaceOrientationLandscapeRight";
				INFOPLIST_KEY_UISupportedInterfaceOrientations_iPhone = "UIInterfaceOrientationPortrait UIInterfaceOrientationLandscapeLeft UIInterfaceOrientationLandscapeRight";
				IPHONEOS_DEPLOYMENT_TARGET = 15.0;
				LD_RUNPATH_SEARCH_PATHS = (
					"$(inherited)",
					"@executable_path/Frameworks",
				);
				MARKETING_VERSION = 1.0;
				PRODUCT_BUNDLE_IDENTIFIER = pmatar.MarvelTavern;
				PRODUCT_NAME = "$(TARGET_NAME)";
				SWIFT_EMIT_LOC_STRINGS = YES;
				SWIFT_VERSION = 5.0;
				TARGETED_DEVICE_FAMILY = "1,2";
			};
			name = Debug;
		};
		25FAC88D2957370A00168A7C /* Release */ = {
			isa = XCBuildConfiguration;
			buildSettings = {
				ASSETCATALOG_COMPILER_APPICON_NAME = AppIcon;
				ASSETCATALOG_COMPILER_GLOBAL_ACCENT_COLOR_NAME = AccentColor;
				CODE_SIGN_STYLE = Automatic;
				CURRENT_PROJECT_VERSION = 1;
				DEVELOPMENT_TEAM = L7KZPDRX49;
				GENERATE_INFOPLIST_FILE = YES;
				INFOPLIST_FILE = "MarvelTavern/Supporting Files/Info.plist";
				INFOPLIST_KEY_UIApplicationSupportsIndirectInputEvents = YES;
				INFOPLIST_KEY_UILaunchStoryboardName = LaunchScreen;
				INFOPLIST_KEY_UISupportedInterfaceOrientations_iPad = "UIInterfaceOrientationPortrait UIInterfaceOrientationPortraitUpsideDown UIInterfaceOrientationLandscapeLeft UIInterfaceOrientationLandscapeRight";
				INFOPLIST_KEY_UISupportedInterfaceOrientations_iPhone = "UIInterfaceOrientationPortrait UIInterfaceOrientationLandscapeLeft UIInterfaceOrientationLandscapeRight";
				IPHONEOS_DEPLOYMENT_TARGET = 15.0;
				LD_RUNPATH_SEARCH_PATHS = (
					"$(inherited)",
					"@executable_path/Frameworks",
				);
				MARKETING_VERSION = 1.0;
				PRODUCT_BUNDLE_IDENTIFIER = pmatar.MarvelTavern;
				PRODUCT_NAME = "$(TARGET_NAME)";
				SWIFT_EMIT_LOC_STRINGS = YES;
				SWIFT_VERSION = 5.0;
				TARGETED_DEVICE_FAMILY = "1,2";
			};
			name = Release;
		};
/* End XCBuildConfiguration section */

/* Begin XCConfigurationList section */
		25FAC8722957370A00168A7C /* Build configuration list for PBXProject "MarvelTavern" */ = {
			isa = XCConfigurationList;
			buildConfigurations = (
				25FAC8892957370A00168A7C /* Debug */,
				25FAC88A2957370A00168A7C /* Release */,
			);
			defaultConfigurationIsVisible = 0;
			defaultConfigurationName = Release;
		};
		25FAC88B2957370A00168A7C /* Build configuration list for PBXNativeTarget "MarvelTavern" */ = {
			isa = XCConfigurationList;
			buildConfigurations = (
				25FAC88C2957370A00168A7C /* Debug */,
				25FAC88D2957370A00168A7C /* Release */,
			);
			defaultConfigurationIsVisible = 0;
			defaultConfigurationName = Release;
		};
/* End XCConfigurationList section */
	};
	rootObject = 25FAC86F2957370A00168A7C /* Project object */;
}
